
Microsoft Visual Studio Solution File, Format Version 12.00
# Visual Studio Version 16
VisualStudioVersion = 16.0.31402.337
MinimumVisualStudioVersion = 10.0.40219.1
Project("{8BC9CEB8-8B4A-11D0-8D11-00A0C91BC942}") = "Server", "Server\Server.vcxproj", "{9F74778E-0E17-4423-BA1A-65FA01AB5E87}"
EndProject
Project("{8BC9CEB8-8B4A-11D0-8D11-00A0C91BC942}") = "Client", "Client\Client.vcxproj", "{ED6E05D8-1EB0-4E6A-9B98-D8B03856AFD9}"
EndProject
Project("{9A19103F-16F7-4668-BE54-9A1E7A4F7556}") = "Chat_Server", "Chat_Server\Chat_Server.csproj", "{3DEBF63A-29C5-4AAC-90F1-D0A83A41522A}"
EndProject
Project("{FAE04EC0-301F-11D3-BF4B-00C04F79EFBC}") = "Chat_Client", "Chat_Client\Chat_Client.csproj", "{BBDFCD32-2DAB-419D-ACA9-1CD6FE17CECB}"
EndProject
Project("{FAE04EC0-301F-11D3-BF4B-00C04F79EFBC}") = "GameServer", "GameServer\GameServer.csproj", "{953B2772-F890-4D21-847B-40F976BF1084}"
EndProject
Global
	GlobalSection(SolutionConfigurationPlatforms) = preSolution
		Debug|Any CPU = Debug|Any CPU
		Debug|x64 = Debug|x64
		Debug|x86 = Debug|x86
		Release|Any CPU = Release|Any CPU
		Release|x64 = Release|x64
		Release|x86 = Release|x86
	EndGlobalSection
	GlobalSection(ProjectConfigurationPlatforms) = postSolution
		{9F74778E-0E17-4423-BA1A-65FA01AB5E87}.Debug|Any CPU.ActiveCfg = Debug|Win32
		{9F74778E-0E17-4423-BA1A-65FA01AB5E87}.Debug|x64.ActiveCfg = Debug|x64
		{9F74778E-0E17-4423-BA1A-65FA01AB5E87}.Debug|x64.Build.0 = Debug|x64
		{9F74778E-0E17-4423-BA1A-65FA01AB5E87}.Debug|x86.ActiveCfg = Debug|Win32
		{9F74778E-0E17-4423-BA1A-65FA01AB5E87}.Debug|x86.Build.0 = Debug|Win32
		{9F74778E-0E17-4423-BA1A-65FA01AB5E87}.Release|Any CPU.ActiveCfg = Release|Win32
		{9F74778E-0E17-4423-BA1A-65FA01AB5E87}.Release|x64.ActiveCfg = Release|x64
		{9F74778E-0E17-4423-BA1A-65FA01AB5E87}.Release|x64.Build.0 = Release|x64
		{9F74778E-0E17-4423-BA1A-65FA01AB5E87}.Release|x86.ActiveCfg = Release|Win32
		{9F74778E-0E17-4423-BA1A-65FA01AB5E87}.Release|x86.Build.0 = Release|Win32
		{ED6E05D8-1EB0-4E6A-9B98-D8B03856AFD9}.Debug|Any CPU.ActiveCfg = Debug|Win32
		{ED6E05D8-1EB0-4E6A-9B98-D8B03856AFD9}.Debug|x64.ActiveCfg = Debug|x64
		{ED6E05D8-1EB0-4E6A-9B98-D8B03856AFD9}.Debug|x64.Build.0 = Debug|x64
		{ED6E05D8-1EB0-4E6A-9B98-D8B03856AFD9}.Debug|x86.ActiveCfg = Debug|Win32
		{ED6E05D8-1EB0-4E6A-9B98-D8B03856AFD9}.Debug|x86.Build.0 = Debug|Win32
		{ED6E05D8-1EB0-4E6A-9B98-D8B03856AFD9}.Release|Any CPU.ActiveCfg = Release|Win32
		{ED6E05D8-1EB0-4E6A-9B98-D8B03856AFD9}.Release|x64.ActiveCfg = Release|x64
		{ED6E05D8-1EB0-4E6A-9B98-D8B03856AFD9}.Release|x64.Build.0 = Release|x64
		{ED6E05D8-1EB0-4E6A-9B98-D8B03856AFD9}.Release|x86.ActiveCfg = Release|Win32
		{ED6E05D8-1EB0-4E6A-9B98-D8B03856AFD9}.Release|x86.Build.0 = Release|Win32
		{3DEBF63A-29C5-4AAC-90F1-D0A83A41522A}.Debug|Any CPU.ActiveCfg = Debug|Any CPU
		{3DEBF63A-29C5-4AAC-90F1-D0A83A41522A}.Debug|Any CPU.Build.0 = Debug|Any CPU
		{3DEBF63A-29C5-4AAC-90F1-D0A83A41522A}.Debug|x64.ActiveCfg = Debug|Any CPU
		{3DEBF63A-29C5-4AAC-90F1-D0A83A41522A}.Debug|x64.Build.0 = Debug|Any CPU
		{3DEBF63A-29C5-4AAC-90F1-D0A83A41522A}.Debug|x86.ActiveCfg = Debug|Any CPU
		{3DEBF63A-29C5-4AAC-90F1-D0A83A41522A}.Debug|x86.Build.0 = Debug|Any CPU
		{3DEBF63A-29C5-4AAC-90F1-D0A83A41522A}.Release|Any CPU.ActiveCfg = Release|Any CPU
		{3DEBF63A-29C5-4AAC-90F1-D0A83A41522A}.Release|Any CPU.Build.0 = Release|Any CPU
		{3DEBF63A-29C5-4AAC-90F1-D0A83A41522A}.Release|x64.ActiveCfg = Release|Any CPU
		{3DEBF63A-29C5-4AAC-90F1-D0A83A41522A}.Release|x64.Build.0 = Release|Any CPU
		{3DEBF63A-29C5-4AAC-90F1-D0A83A41522A}.Release|x86.ActiveCfg = Release|Any CPU
		{3DEBF63A-29C5-4AAC-90F1-D0A83A41522A}.Release|x86.Build.0 = Release|Any CPU
		{BBDFCD32-2DAB-419D-ACA9-1CD6FE17CECB}.Debug|Any CPU.ActiveCfg = Debug|Any CPU
		{BBDFCD32-2DAB-419D-ACA9-1CD6FE17CECB}.Debug|Any CPU.Build.0 = Debug|Any CPU
		{BBDFCD32-2DAB-419D-ACA9-1CD6FE17CECB}.Debug|x64.ActiveCfg = Debug|Any CPU
		{BBDFCD32-2DAB-419D-ACA9-1CD6FE17CECB}.Debug|x64.Build.0 = Debug|Any CPU
		{BBDFCD32-2DAB-419D-ACA9-1CD6FE17CECB}.Debug|x86.ActiveCfg = Debug|Any CPU
		{BBDFCD32-2DAB-419D-ACA9-1CD6FE17CECB}.Debug|x86.Build.0 = Debug|Any CPU
		{BBDFCD32-2DAB-419D-ACA9-1CD6FE17CECB}.Release|Any CPU.ActiveCfg = Release|Any CPU
		{BBDFCD32-2DAB-419D-ACA9-1CD6FE17CECB}.Release|Any CPU.Build.0 = Release|Any CPU
		{BBDFCD32-2DAB-419D-ACA9-1CD6FE17CECB}.Release|x64.ActiveCfg = Release|Any CPU
		{BBDFCD32-2DAB-419D-ACA9-1CD6FE17CECB}.Release|x64.Build.0 = Release|Any CPU
		{BBDFCD32-2DAB-419D-ACA9-1CD6FE17CECB}.Release|x86.ActiveCfg = Release|Any CPU
		{BBDFCD32-2DAB-419D-ACA9-1CD6FE17CECB}.Release|x86.Build.0 = Release|Any CPU
		{953B2772-F890-4D21-847B-40F976BF1084}.Debug|Any CPU.ActiveCfg = Debug|Any CPU
		{953B2772-F890-4D21-847B-40F976BF1084}.Debug|Any CPU.Build.0 = Debug|Any CPU
		{953B2772-F890-4D21-847B-40F976BF1084}.Debug|x64.ActiveCfg = Debug|Any CPU
		{953B2772-F890-4D21-847B-40F976BF1084}.Debug|x64.Build.0 = Debug|Any CPU
		{953B2772-F890-4D21-847B-40F976BF1084}.Debug|x86.ActiveCfg = Debug|Any CPU
		{953B2772-F890-4D21-847B-40F976BF1084}.Debug|x86.Build.0 = Debug|Any CPU
		{953B2772-F890-4D21-847B-40F976BF1084}.Release|Any CPU.ActiveCfg = Release|Any CPU
		{953B2772-F890-4D21-847B-40F976BF1084}.Release|Any CPU.Build.0 = Release|Any CPU
		{953B2772-F890-4D21-847B-40F976BF1084}.Release|x64.ActiveCfg = Release|Any CPU
		{953B2772-F890-4D21-847B-40F976BF1084}.Release|x64.Build.0 = Release|Any CPU
		{953B2772-F890-4D21-847B-40F976BF1084}.Release|x86.ActiveCfg = Release|Any CPU
		{953B2772-F890-4D21-847B-40F976BF1084}.Release|x86.Build.0 = Release|Any CPU
	EndGlobalSection
	GlobalSection(SolutionProperties) = preSolution
		HideSolutionNode = FALSE
	EndGlobalSection
	GlobalSection(ExtensibilityGlobals) = postSolution
		SolutionGuid = {8C2B0721-AF1F-4C4B-8D8E-04E48610CABE}
	EndGlobalSection
EndGlobal
